<?xml version="1.0" encoding="utf-8"?>
<Project ToolsVersion="4.0" xmlns="http://schemas.microsoft.com/developer/msbuild/2003">
  <ItemGroup>
    <Text Include="ReadMe.txt" />
  </ItemGroup>
  <ItemGroup>
    <ClInclude Include="stdafx.h" />
    <ClInclude Include="targetver.h" />
    <ClInclude Include="GameWindow.h" />
    <ClInclude Include="Renderer\SpaceGameRenderer.h" />
    <ClInclude Include="GameObjects\BackgroundBrush.h" />
    <ClInclude Include="Geometry\TexVertex.h" />
    <ClInclude Include="Geometry\GeometryFactory.h" />
    <ClInclude Include="GameObjects\RectRenderer.h" />
  </ItemGroup>
  <ItemGroup>
    <ClCompile Include="SpaceGame.cpp" />
    <ClCompile Include="stdafx.cpp" />
    <ClCompile Include="GameWindow.cpp" />
    <ClCompile Include="Renderer\SpaceGameRenderer.cpp" />
    <ClCompile Include="GameObjects\BackgroundBrush.cpp" />
    <ClCompile Include="Geometry\GeometryFactory.cpp" />
    <ClCompile Include="GameObjects\RectRenderer.cpp" />
  </ItemGroup>
  <ItemGroup>
    <Image Include="Assets\back.bmp" />
    <Image Include="Assets\concept.jpg" />
  </ItemGroup>
  <ItemGroup>
    <FxCompile Include="Shaders\Hlsl\TexVs.hlsl" />
    <FxCompile Include="Shaders\Hlsl\TexPs.hlsl" />
    <FxCompile Include="Shaders\Hlsl\Color2DVs.hlsl" />
    <FxCompile Include="Shaders\Hlsl\Color2DPs.hlsl" />
  </ItemGroup>
</Project>