<?xml version="1.0" encoding="utf-8"?>
<Project ToolsVersion="4.0" xmlns="http://schemas.microsoft.com/developer/msbuild/2003">
  <ItemGroup>
    <Text Include="ReadMe.txt" />
    <Text Include="Fonts\LICENSE_OFL.txt" />
  </ItemGroup>
  <ItemGroup>
    <ClInclude Include="stdafx.h" />
    <ClInclude Include="targetver.h" />
    <ClInclude Include="GameWindow.h" />
    <ClInclude Include="Renderer\SpaceGameRenderer.h" />
    <ClInclude Include="GameObjects\BackgroundBrush.h" />
    <ClInclude Include="Geometry\TexVertex.h" />
    <ClInclude Include="Geometry\GeometryFactory.h" />
    <ClInclude Include="GameObjects\RectRenderer.h" />
    <ClInclude Include="Text\TextRenderer.h" />
    <ClInclude Include="Texture\TextureAtlasPage.h" />
    <ClInclude Include="Text\IFontAtlas.h" />
    <ClInclude Include="Text\IFontAtlasSymbol.h" />
    <ClInclude Include="Text\IFontAtlasBitmapLock.h" />
    <ClInclude Include="Text\Freetype\FontAtlasFreetype.h" />
    <ClInclude Include="Text\Freetype\FontAtlasFreetypeBitmapLock.h" />
    <ClInclude Include="Text\Freetype\FontAtlasFreetypeSymbol.h" />
    <ClInclude Include="Text\Freetype\FreetypeUnique.h" />
    <ClInclude Include="Text\Freetype\FreetypeSafe.h" />
    <ClInclude Include="Text\Freetype\HFreetype.h" />
    <ClInclude Include="Text\Freetype\FreetypeSymbolPart.h" />
    <ClInclude Include="Text\Freetype\FreetypeSymbolRenderer.h" />
    <ClInclude Include="Text\Freetype\FreeTypeTexAtlasPage.h" />
    <ClInclude Include="Text\IFontRenderer.h" />
    <ClInclude Include="Text\IDxFontAtlas.h" />
    <ClInclude Include="Pixel\IPixelSink.h" />
    <ClInclude Include="Pixel\IPixelSource.h" />
    <ClInclude Include="Pixel\PixelPlane.h" />
    <ClInclude Include="Text\Freetype\FreetypeFontRenderer.h" />
    <ClInclude Include="Text\SimpleDxFontAtlas\SimpleDxFontAtlas.h" />
    <ClInclude Include="Text\SimpleDxFontAtlas\SimpleDxFontAtlasSymbol.h" />
    <ClInclude Include="Text\IDxSymbol.h" />
    <ClInclude Include="Renderer\GameRenderer\IGameRenderer.h" />
    <ClInclude Include="Renderer\GameRenderer\IGameRendererFactory.h" />
    <ClInclude Include="Renderer\GameRenderer\IGameRendererObject.h" />
    <ClInclude Include="Renderer\GameRenderer\IBackgroundBrushRenderer.h" />
    <ClInclude Include="Renderer\GameRenderer\GameRendererId.h" />
    <ClInclude Include="Renderer\GameRenderer\IRectangleRenderer.h" />
    <ClInclude Include="Renderer\GameRenderer\ITextRenderer.h" />
    <ClInclude Include="Renderer\GameRenderer\DxRenderer\MakeDxRenderer.h" />
    <ClInclude Include="Renderer\GameRenderer\DxRenderer\GameRendererDx.h" />
    <ClInclude Include="Renderer\GameRenderer\DxRenderer\GameRendererFactoryDx.h" />
    <ClInclude Include="Renderer\GameRenderer\DxRenderer\BackgroundBrushRendererDx.h" />
    <ClInclude Include="Renderer\GameRenderer\DxRenderer\RectangleRendererDx.h" />
    <ClInclude Include="Renderer\GameRenderer\DxRenderer\TextRendererDx.h" />
    <ClInclude Include="GameObjects\Stars.h" />
    <ClInclude Include="Renderer\GameRenderer\ITexture2D.h" />
    <ClInclude Include="Renderer\GameRenderer\TexturePixelFormat.h" />
    <ClInclude Include="Renderer\GameRenderer\DxRenderer\Texture2DDx.h" />
    <ClInclude Include="GameObjects\Player.h" />
    <ClInclude Include="GameObjects\AI.h" />
    <ClInclude Include="GameObjects\Bullet.h" />
  </ItemGroup>
  <ItemGroup>
    <ClCompile Include="SpaceGame.cpp" />
    <ClCompile Include="stdafx.cpp" />
    <ClCompile Include="GameWindow.cpp" />
    <ClCompile Include="Renderer\SpaceGameRenderer.cpp" />
    <ClCompile Include="GameObjects\BackgroundBrush.cpp" />
    <ClCompile Include="Geometry\GeometryFactory.cpp" />
    <ClCompile Include="GameObjects\RectRenderer.cpp" />
    <ClCompile Include="Text\TextRenderer.cpp" />
    <ClCompile Include="Texture\TextureAtlasPage.cpp" />
    <ClCompile Include="Text\Freetype\FontAtlasFreetype.cpp" />
    <ClCompile Include="Text\Freetype\FontAtlasFreetypeBitmapLock.cpp" />
    <ClCompile Include="Text\Freetype\FontAtlasFreetypeSymbol.cpp" />
    <ClCompile Include="Text\IFontAtlasBitmapLock.cpp" />
    <ClCompile Include="Text\Freetype\FreetypeUnique.cpp" />
    <ClCompile Include="Text\Freetype\HFreetype.cpp" />
    <ClCompile Include="Text\Freetype\FreetypeSymbolRenderer.cpp" />
    <ClCompile Include="Text\Freetype\FreeTypeTexAtlasPage.cpp" />
    <ClCompile Include="Text\Freetype\FreetypeFontRenderer.cpp" />
    <ClCompile Include="Text\SimpleDxFontAtlas\SimpleDxFontAtlas.cpp" />
    <ClCompile Include="Text\SimpleDxFontAtlas\SimpleDxFontAtlasSymbol.cpp" />
    <ClCompile Include="Renderer\GameRenderer\GameRendererId.cpp" />
    <ClCompile Include="Renderer\GameRenderer\IGameRenderer.cpp" />
    <ClCompile Include="Renderer\GameRenderer\DxRenderer\MakeDxRenderer.cpp" />
    <ClCompile Include="Renderer\GameRenderer\DxRenderer\GameRendererDx.cpp" />
    <ClCompile Include="Renderer\GameRenderer\DxRenderer\GameRendererFactoryDx.cpp" />
    <ClCompile Include="Renderer\GameRenderer\DxRenderer\BackgroundBrushRendererDx.cpp" />
    <ClCompile Include="Renderer\GameRenderer\DxRenderer\RectangleRendererDx.cpp" />
    <ClCompile Include="Renderer\GameRenderer\DxRenderer\TextRendererDx.cpp" />
    <ClCompile Include="GameObjects\Stars.cpp" />
    <ClCompile Include="Renderer\GameRenderer\DxRenderer\Texture2DDx.cpp" />
    <ClCompile Include="GameObjects\Player.cpp" />
    <ClCompile Include="GameObjects\AI.cpp" />
    <ClCompile Include="Geometry\TexVertex.cpp" />
    <ClCompile Include="GameObjects\Bullet.cpp" />
  </ItemGroup>
  <ItemGroup>
    <Image Include="Assets\back.bmp" />
    <Image Include="Assets\concept.jpg" />
  </ItemGroup>
  <ItemGroup>
    <FxCompile Include="Shaders\Hlsl\TexVs.hlsl" />
    <FxCompile Include="Shaders\Hlsl\TexPs.hlsl" />
    <FxCompile Include="Shaders\Hlsl\Color2DVs.hlsl" />
    <FxCompile Include="Shaders\Hlsl\Color2DPs.hlsl" />
    <FxCompile Include="Shaders\Hlsl\ColorTex2DPs.hlsl" />
  </ItemGroup>
  <ItemGroup>
    <Font Include="Fonts\NotoSans-Regular.ttf" />
  </ItemGroup>
  <ItemGroup>
    <None Include="Fonts\README" />
  </ItemGroup>
</Project>